
Microsoft Visual Studio Solution File, Format Version 12.00
# Visual Studio Version 17
VisualStudioVersion = 17.0.31919.166
MinimumVisualStudioVersion = 10.0.40219.1
Project("{FAE04EC0-301F-11D3-BF4B-00C04F79EFBC}") = "ObjektorienteradP.UI.Console", "ObjektorienteradP.UI.Console\ObjektorienteradP.UI.Console.csproj", "{E2605802-160B-4E97-956F-E32A055FC82D}"
EndProject
Project("{FAE04EC0-301F-11D3-BF4B-00C04F79EFBC}") = "ObjektorienteradP.DL", "ObjektorienteradP.DL\ObjektorienteradP.DL.csproj", "{0D6038B6-D6A0-467B-B51D-46F980131FB9}"
EndProject
Global
	GlobalSection(SolutionConfigurationPlatforms) = preSolution
		Debug|Any CPU = Debug|Any CPU
		Release|Any CPU = Release|Any CPU
	EndGlobalSection
	GlobalSection(ProjectConfigurationPlatforms) = postSolution
		{E2605802-160B-4E97-956F-E32A055FC82D}.Debug|Any CPU.ActiveCfg = Debug|Any CPU
		{E2605802-160B-4E97-956F-E32A055FC82D}.Debug|Any CPU.Build.0 = Debug|Any CPU
		{E2605802-160B-4E97-956F-E32A055FC82D}.Release|Any CPU.ActiveCfg = Release|Any CPU
		{E2605802-160B-4E97-956F-E32A055FC82D}.Release|Any CPU.Build.0 = Release|Any CPU
		{0D6038B6-D6A0-467B-B51D-46F980131FB9}.Debug|Any CPU.ActiveCfg = Debug|Any CPU
		{0D6038B6-D6A0-467B-B51D-46F980131FB9}.Debug|Any CPU.Build.0 = Debug|Any CPU
		{0D6038B6-D6A0-467B-B51D-46F980131FB9}.Release|Any CPU.ActiveCfg = Release|Any CPU
		{0D6038B6-D6A0-467B-B51D-46F980131FB9}.Release|Any CPU.Build.0 = Release|Any CPU
	EndGlobalSection
	GlobalSection(SolutionProperties) = preSolution
		HideSolutionNode = FALSE
	EndGlobalSection
	GlobalSection(ExtensibilityGlobals) = postSolution
		SolutionGuid = {34995548-6D47-4024-95BB-90DC5F99AFF0}
	EndGlobalSection
EndGlobal
